
Microsoft Visual Studio Solution File, Format Version 12.00
# Visual Studio Version 17
VisualStudioVersion = 17.5.002.0
MinimumVisualStudioVersion = 10.0.40219.1
Project("{9A19103F-16F7-4668-BE54-9A1E7A4F7556}") = "CSharpProject02", "CSharpProject02.csproj", "{72C65D3E-EA83-4C78-936F-F6536B188985}"
EndProject
Global
	GlobalSection(SolutionConfigurationPlatforms) = preSolution
		Debug|Any CPU = Debug|Any CPU
		Release|Any CPU = Release|Any CPU
	EndGlobalSection
	GlobalSection(ProjectConfigurationPlatforms) = postSolution
		{72C65D3E-EA83-4C78-936F-F6536B188985}.Debug|Any CPU.ActiveCfg = Debug|Any CPU
		{72C65D3E-EA83-4C78-936F-F6536B188985}.Debug|Any CPU.Build.0 = Debug|Any CPU
		{72C65D3E-EA83-4C78-936F-F6536B188985}.Release|Any CPU.ActiveCfg = Release|Any CPU
		{72C65D3E-EA83-4C78-936F-F6536B188985}.Release|Any CPU.Build.0 = Release|Any CPU
	EndGlobalSection
	GlobalSection(SolutionProperties) = preSolution
		HideSolutionNode = FALSE
	EndGlobalSection
	GlobalSection(ExtensibilityGlobals) = postSolution
		SolutionGuid = {696DAE22-D9A6-4E3A-9468-FBD1A5D4F5AD}
	EndGlobalSection
EndGlobal
